
Microsoft Visual Studio Solution File, Format Version 12.00
# Visual Studio Version 17
VisualStudioVersion = 17.9.34607.119
MinimumVisualStudioVersion = 10.0.40219.1
Project("{9A19103F-16F7-4668-BE54-9A1E7A4F7556}") = "AYE-ClientSideWpf", "AYE-ClientSideWpf\AYE-ClientSideWpf.csproj", "{211ED350-32F7-43D6-8951-22FE99FD0EE1}"
EndProject
Project("{9A19103F-16F7-4668-BE54-9A1E7A4F7556}") = "AYE-Commom", "AYE-Commom\AYE-Commom.csproj", "{2BA551CA-8643-43B2-B1A3-F0F81B36FEA0}"
EndProject
Project("{9A19103F-16F7-4668-BE54-9A1E7A4F7556}") = "AYE-Interface", "AYE-Interface\AYE-Interface.csproj", "{2F45ACD9-71F9-422F-AC79-3B5D51D04D8F}"
EndProject
Project("{9A19103F-16F7-4668-BE54-9A1E7A4F7556}") = "AYE-Entity", "AYE-Entity\AYE-Entity.csproj", "{90BAFA10-A998-437D-B30F-439037C51DAE}"
EndProject
Project("{9A19103F-16F7-4668-BE54-9A1E7A4F7556}") = "AYE-Service", "AYE-Server\AYE-Service.csproj", "{6947C76B-4755-4345-91EE-52F1D6AEB4F6}"
EndProject
Project("{9A19103F-16F7-4668-BE54-9A1E7A4F7556}") = "AYE-Job", "AYE-Job\AYE-Job.csproj", "{B3C53CB4-5C81-4201-8CF4-51C2BA1A4F3A}"
EndProject
Project("{2150E333-8FDC-42A3-9474-1A3956D46DE8}") = "DemoModuleA", "DemoModuleA", "{5617BE72-D22C-48C1-AE8E-15158AEF6A1B}"
EndProject
Project("{9A19103F-16F7-4668-BE54-9A1E7A4F7556}") = "AYE-ModuleRegistration", "AYE-ModuleRegistration\AYE-ModuleRegistration.csproj", "{1C447106-BF46-4F13-81B1-25CC467B9A8A}"
EndProject
Project("{2150E333-8FDC-42A3-9474-1A3956D46DE8}") = "DemoModuleB", "DemoModuleB", "{5CCE13D1-9348-4D9B-85ED-36C07002E28B}"
EndProject
Project("{9A19103F-16F7-4668-BE54-9A1E7A4F7556}") = "DemoModuleA", "DemoModuleA\DemoModuleA\DemoModuleA.csproj", "{76FC1D03-F364-457B-B7EB-A6216841F6B6}"
EndProject
Project("{2150E333-8FDC-42A3-9474-1A3956D46DE8}") = "AYE.BaseFramework", "AYE.BaseFramework", "{D6A698BF-06A6-4F9F-9617-236F1D12E214}"
EndProject
Project("{9A19103F-16F7-4668-BE54-9A1E7A4F7556}") = "AYE.BaseFramework.SqlSusgarCore", "AYE-BaseFramework\AYE-SqlSusgar\AYE.BaseFramework.SqlSusgarCore.csproj", "{F57EEC80-D2EE-4770-A723-CB9E08D76375}"
EndProject
Project("{9A19103F-16F7-4668-BE54-9A1E7A4F7556}") = "AYE.BaseFramework.QuartzCore", "AYE-BaseFramework\AYE.BaseFramework.QuartzCore\AYE.BaseFramework.QuartzCore.csproj", "{AE927D94-01E3-4225-BD29-5F34B477D293}"
EndProject
Project("{9A19103F-16F7-4668-BE54-9A1E7A4F7556}") = "AYE.BaseFramework.RedisCore", "AYE-BaseFramework\AYE.BaseFramework.RedisCore\AYE.BaseFramework.RedisCore.csproj", "{424C8BC0-3DE8-4674-85DE-A83C7E71D760}"
EndProject
Project("{9A19103F-16F7-4668-BE54-9A1E7A4F7556}") = "DemoModuleB", "DemoModuleB\DemoModuleB\DemoModuleB.csproj", "{4D218A66-FDEB-409F-B227-A6FE95ED1A04}"
EndProject
Project("{2150E333-8FDC-42A3-9474-1A3956D46DE8}") = "AYE.Modules", "AYE.Modules", "{353CD44F-EEFB-4C2E-A5EA-826F466EF049}"
EndProject
Project("{2150E333-8FDC-42A3-9474-1A3956D46DE8}") = "Modbus", "Modbus", "{591223AC-59CD-4F92-A217-97FBDA6DBB9B}"
EndProject
Project("{9A19103F-16F7-4668-BE54-9A1E7A4F7556}") = "AYE.Modules.ModbusRtu", "Modules\Modbus\AYE.Modules.ModbusRtu\AYE.Modules.ModbusRtu.csproj", "{D667AA13-C058-4B3E-B5A7-59920F10214B}"
EndProject
Project("{9A19103F-16F7-4668-BE54-9A1E7A4F7556}") = "AYE.Modules.ModbusTcp", "Modules\Modbus\AYE.Modules.ModbusTcp\AYE.Modules.ModbusTcp.csproj", "{840FD773-3389-48D4-8B63-8D6C55F80436}"
EndProject
Project("{9A19103F-16F7-4668-BE54-9A1E7A4F7556}") = "AYE.BaseFramework.MqttClientCore", "AYE-BaseFramework\AYE.BaseFramework.MqttClientCore\AYE.BaseFramework.MqttClientCore.csproj", "{0A4B27CA-F6B6-4326-BC35-BA850E5F7420}"
EndProject
Project("{9A19103F-16F7-4668-BE54-9A1E7A4F7556}") = "AYE.BaseFramework.MqttServerCore", "AYE-BaseFramework\AYE.BaseFramework.MqttServerCore\AYE.BaseFramework.MqttServerCore.csproj", "{34873F94-7B0D-4CD0-BA95-8A9AF319FF32}"
EndProject
Project("{9A19103F-16F7-4668-BE54-9A1E7A4F7556}") = "AYE.BaseFramework.ModbusRtuCore", "AYE-BaseFramework\AYE.BaseFramework.ModbusRtuCore\AYE.BaseFramework.ModbusRtuCore.csproj", "{6852FAF1-01B8-4009-B4F1-8A884AF1EB25}"
EndProject
Project("{9A19103F-16F7-4668-BE54-9A1E7A4F7556}") = "AYE.BaseFramework.ModbusTcpCore", "AYE-BaseFramework\AYE.BaseFramework.ModbusTcpCore\AYE.BaseFramework.ModbusTcpCore.csproj", "{9E915ABA-6656-4A6D-B9D0-047C40592481}"
EndProject
Project("{9A19103F-16F7-4668-BE54-9A1E7A4F7556}") = "AYE.BaseFramework.Manager", "AYE-BaseFramework\AYE.BaseFramework.Manager\AYE.BaseFramework.Manager.csproj", "{8FFD8351-03E1-4917-98D6-10B03331A430}"
EndProject
Project("{9A19103F-16F7-4668-BE54-9A1E7A4F7556}") = "AYE.BaseFramework.GolalUiCore", "AYE-BaseFramework\AYE.BaseFramework.GolalUiCore\AYE.BaseFramework.GolalUiCore.csproj", "{CFDEC9CB-60FF-4C7C-BA7B-DDD2B70B1381}"
EndProject
Project("{9A19103F-16F7-4668-BE54-9A1E7A4F7556}") = "AYE.BaseFramework.CanCore", "AYE-BaseFramework\AYE.BaseFramework.CanCore\AYE.BaseFramework.CanCore.csproj", "{8FFF27A0-FA15-4972-AAB0-28A71BB80C76}"
EndProject
Project("{9A19103F-16F7-4668-BE54-9A1E7A4F7556}") = "AYE.BaseFramework.IICCore", "AYE-BaseFramework\AYE.BaseFramework.IICCore\AYE.BaseFramework.IICCore.csproj", "{50450B73-AFF3-48FB-9167-136C2747E12B}"
EndProject
Project("{9A19103F-16F7-4668-BE54-9A1E7A4F7556}") = "AYE.BaseFramework.SpiCore", "AYE-BaseFramework\AYE.BaseFramework.SpiCore\AYE.BaseFramework.SpiCore.csproj", "{43134866-12E8-4CA0-9293-FAD3A830F073}"
EndProject
Global
	GlobalSection(SolutionConfigurationPlatforms) = preSolution
		Debug|Any CPU = Debug|Any CPU
		Release|Any CPU = Release|Any CPU
	EndGlobalSection
	GlobalSection(ProjectConfigurationPlatforms) = postSolution
		{211ED350-32F7-43D6-8951-22FE99FD0EE1}.Debug|Any CPU.ActiveCfg = Debug|Any CPU
		{211ED350-32F7-43D6-8951-22FE99FD0EE1}.Debug|Any CPU.Build.0 = Debug|Any CPU
		{211ED350-32F7-43D6-8951-22FE99FD0EE1}.Release|Any CPU.ActiveCfg = Release|Any CPU
		{211ED350-32F7-43D6-8951-22FE99FD0EE1}.Release|Any CPU.Build.0 = Release|Any CPU
		{2BA551CA-8643-43B2-B1A3-F0F81B36FEA0}.Debug|Any CPU.ActiveCfg = Debug|Any CPU
		{2BA551CA-8643-43B2-B1A3-F0F81B36FEA0}.Debug|Any CPU.Build.0 = Debug|Any CPU
		{2BA551CA-8643-43B2-B1A3-F0F81B36FEA0}.Release|Any CPU.ActiveCfg = Release|Any CPU
		{2BA551CA-8643-43B2-B1A3-F0F81B36FEA0}.Release|Any CPU.Build.0 = Release|Any CPU
		{2F45ACD9-71F9-422F-AC79-3B5D51D04D8F}.Debug|Any CPU.ActiveCfg = Debug|Any CPU
		{2F45ACD9-71F9-422F-AC79-3B5D51D04D8F}.Debug|Any CPU.Build.0 = Debug|Any CPU
		{2F45ACD9-71F9-422F-AC79-3B5D51D04D8F}.Release|Any CPU.ActiveCfg = Release|Any CPU
		{2F45ACD9-71F9-422F-AC79-3B5D51D04D8F}.Release|Any CPU.Build.0 = Release|Any CPU
		{90BAFA10-A998-437D-B30F-439037C51DAE}.Debug|Any CPU.ActiveCfg = Debug|Any CPU
		{90BAFA10-A998-437D-B30F-439037C51DAE}.Debug|Any CPU.Build.0 = Debug|Any CPU
		{90BAFA10-A998-437D-B30F-439037C51DAE}.Release|Any CPU.ActiveCfg = Release|Any CPU
		{90BAFA10-A998-437D-B30F-439037C51DAE}.Release|Any CPU.Build.0 = Release|Any CPU
		{6947C76B-4755-4345-91EE-52F1D6AEB4F6}.Debug|Any CPU.ActiveCfg = Debug|Any CPU
		{6947C76B-4755-4345-91EE-52F1D6AEB4F6}.Debug|Any CPU.Build.0 = Debug|Any CPU
		{6947C76B-4755-4345-91EE-52F1D6AEB4F6}.Release|Any CPU.ActiveCfg = Release|Any CPU
		{6947C76B-4755-4345-91EE-52F1D6AEB4F6}.Release|Any CPU.Build.0 = Release|Any CPU
		{B3C53CB4-5C81-4201-8CF4-51C2BA1A4F3A}.Debug|Any CPU.ActiveCfg = Debug|Any CPU
		{B3C53CB4-5C81-4201-8CF4-51C2BA1A4F3A}.Debug|Any CPU.Build.0 = Debug|Any CPU
		{B3C53CB4-5C81-4201-8CF4-51C2BA1A4F3A}.Release|Any CPU.ActiveCfg = Release|Any CPU
		{B3C53CB4-5C81-4201-8CF4-51C2BA1A4F3A}.Release|Any CPU.Build.0 = Release|Any CPU
		{1C447106-BF46-4F13-81B1-25CC467B9A8A}.Debug|Any CPU.ActiveCfg = Debug|Any CPU
		{1C447106-BF46-4F13-81B1-25CC467B9A8A}.Debug|Any CPU.Build.0 = Debug|Any CPU
		{1C447106-BF46-4F13-81B1-25CC467B9A8A}.Release|Any CPU.ActiveCfg = Release|Any CPU
		{1C447106-BF46-4F13-81B1-25CC467B9A8A}.Release|Any CPU.Build.0 = Release|Any CPU
		{76FC1D03-F364-457B-B7EB-A6216841F6B6}.Debug|Any CPU.ActiveCfg = Debug|Any CPU
		{76FC1D03-F364-457B-B7EB-A6216841F6B6}.Debug|Any CPU.Build.0 = Debug|Any CPU
		{76FC1D03-F364-457B-B7EB-A6216841F6B6}.Release|Any CPU.ActiveCfg = Release|Any CPU
		{76FC1D03-F364-457B-B7EB-A6216841F6B6}.Release|Any CPU.Build.0 = Release|Any CPU
		{F57EEC80-D2EE-4770-A723-CB9E08D76375}.Debug|Any CPU.ActiveCfg = Debug|Any CPU
		{F57EEC80-D2EE-4770-A723-CB9E08D76375}.Debug|Any CPU.Build.0 = Debug|Any CPU
		{F57EEC80-D2EE-4770-A723-CB9E08D76375}.Release|Any CPU.ActiveCfg = Release|Any CPU
		{F57EEC80-D2EE-4770-A723-CB9E08D76375}.Release|Any CPU.Build.0 = Release|Any CPU
		{AE927D94-01E3-4225-BD29-5F34B477D293}.Debug|Any CPU.ActiveCfg = Debug|Any CPU
		{AE927D94-01E3-4225-BD29-5F34B477D293}.Debug|Any CPU.Build.0 = Debug|Any CPU
		{AE927D94-01E3-4225-BD29-5F34B477D293}.Release|Any CPU.ActiveCfg = Release|Any CPU
		{AE927D94-01E3-4225-BD29-5F34B477D293}.Release|Any CPU.Build.0 = Release|Any CPU
		{424C8BC0-3DE8-4674-85DE-A83C7E71D760}.Debug|Any CPU.ActiveCfg = Debug|Any CPU
		{424C8BC0-3DE8-4674-85DE-A83C7E71D760}.Debug|Any CPU.Build.0 = Debug|Any CPU
		{424C8BC0-3DE8-4674-85DE-A83C7E71D760}.Release|Any CPU.ActiveCfg = Release|Any CPU
		{424C8BC0-3DE8-4674-85DE-A83C7E71D760}.Release|Any CPU.Build.0 = Release|Any CPU
		{4D218A66-FDEB-409F-B227-A6FE95ED1A04}.Debug|Any CPU.ActiveCfg = Debug|Any CPU
		{4D218A66-FDEB-409F-B227-A6FE95ED1A04}.Debug|Any CPU.Build.0 = Debug|Any CPU
		{4D218A66-FDEB-409F-B227-A6FE95ED1A04}.Release|Any CPU.ActiveCfg = Release|Any CPU
		{4D218A66-FDEB-409F-B227-A6FE95ED1A04}.Release|Any CPU.Build.0 = Release|Any CPU
		{D667AA13-C058-4B3E-B5A7-59920F10214B}.Debug|Any CPU.ActiveCfg = Debug|Any CPU
		{D667AA13-C058-4B3E-B5A7-59920F10214B}.Debug|Any CPU.Build.0 = Debug|Any CPU
		{D667AA13-C058-4B3E-B5A7-59920F10214B}.Release|Any CPU.ActiveCfg = Release|Any CPU
		{D667AA13-C058-4B3E-B5A7-59920F10214B}.Release|Any CPU.Build.0 = Release|Any CPU
		{840FD773-3389-48D4-8B63-8D6C55F80436}.Debug|Any CPU.ActiveCfg = Debug|Any CPU
		{840FD773-3389-48D4-8B63-8D6C55F80436}.Debug|Any CPU.Build.0 = Debug|Any CPU
		{840FD773-3389-48D4-8B63-8D6C55F80436}.Release|Any CPU.ActiveCfg = Release|Any CPU
		{840FD773-3389-48D4-8B63-8D6C55F80436}.Release|Any CPU.Build.0 = Release|Any CPU
		{0A4B27CA-F6B6-4326-BC35-BA850E5F7420}.Debug|Any CPU.ActiveCfg = Debug|Any CPU
		{0A4B27CA-F6B6-4326-BC35-BA850E5F7420}.Debug|Any CPU.Build.0 = Debug|Any CPU
		{0A4B27CA-F6B6-4326-BC35-BA850E5F7420}.Release|Any CPU.ActiveCfg = Release|Any CPU
		{0A4B27CA-F6B6-4326-BC35-BA850E5F7420}.Release|Any CPU.Build.0 = Release|Any CPU
		{34873F94-7B0D-4CD0-BA95-8A9AF319FF32}.Debug|Any CPU.ActiveCfg = Debug|Any CPU
		{34873F94-7B0D-4CD0-BA95-8A9AF319FF32}.Debug|Any CPU.Build.0 = Debug|Any CPU
		{34873F94-7B0D-4CD0-BA95-8A9AF319FF32}.Release|Any CPU.ActiveCfg = Release|Any CPU
		{34873F94-7B0D-4CD0-BA95-8A9AF319FF32}.Release|Any CPU.Build.0 = Release|Any CPU
		{6852FAF1-01B8-4009-B4F1-8A884AF1EB25}.Debug|Any CPU.ActiveCfg = Debug|Any CPU
		{6852FAF1-01B8-4009-B4F1-8A884AF1EB25}.Debug|Any CPU.Build.0 = Debug|Any CPU
		{6852FAF1-01B8-4009-B4F1-8A884AF1EB25}.Release|Any CPU.ActiveCfg = Release|Any CPU
		{6852FAF1-01B8-4009-B4F1-8A884AF1EB25}.Release|Any CPU.Build.0 = Release|Any CPU
		{9E915ABA-6656-4A6D-B9D0-047C40592481}.Debug|Any CPU.ActiveCfg = Debug|Any CPU
		{9E915ABA-6656-4A6D-B9D0-047C40592481}.Debug|Any CPU.Build.0 = Debug|Any CPU
		{9E915ABA-6656-4A6D-B9D0-047C40592481}.Release|Any CPU.ActiveCfg = Release|Any CPU
		{9E915ABA-6656-4A6D-B9D0-047C40592481}.Release|Any CPU.Build.0 = Release|Any CPU
		{8FFD8351-03E1-4917-98D6-10B03331A430}.Debug|Any CPU.ActiveCfg = Debug|Any CPU
		{8FFD8351-03E1-4917-98D6-10B03331A430}.Debug|Any CPU.Build.0 = Debug|Any CPU
		{8FFD8351-03E1-4917-98D6-10B03331A430}.Release|Any CPU.ActiveCfg = Release|Any CPU
		{8FFD8351-03E1-4917-98D6-10B03331A430}.Release|Any CPU.Build.0 = Release|Any CPU
		{CFDEC9CB-60FF-4C7C-BA7B-DDD2B70B1381}.Debug|Any CPU.ActiveCfg = Debug|Any CPU
		{CFDEC9CB-60FF-4C7C-BA7B-DDD2B70B1381}.Debug|Any CPU.Build.0 = Debug|Any CPU
		{CFDEC9CB-60FF-4C7C-BA7B-DDD2B70B1381}.Release|Any CPU.ActiveCfg = Release|Any CPU
		{CFDEC9CB-60FF-4C7C-BA7B-DDD2B70B1381}.Release|Any CPU.Build.0 = Release|Any CPU
		{8FFF27A0-FA15-4972-AAB0-28A71BB80C76}.Debug|Any CPU.ActiveCfg = Debug|Any CPU
		{8FFF27A0-FA15-4972-AAB0-28A71BB80C76}.Debug|Any CPU.Build.0 = Debug|Any CPU
		{8FFF27A0-FA15-4972-AAB0-28A71BB80C76}.Release|Any CPU.ActiveCfg = Release|Any CPU
		{8FFF27A0-FA15-4972-AAB0-28A71BB80C76}.Release|Any CPU.Build.0 = Release|Any CPU
		{50450B73-AFF3-48FB-9167-136C2747E12B}.Debug|Any CPU.ActiveCfg = Debug|Any CPU
		{50450B73-AFF3-48FB-9167-136C2747E12B}.Debug|Any CPU.Build.0 = Debug|Any CPU
		{50450B73-AFF3-48FB-9167-136C2747E12B}.Release|Any CPU.ActiveCfg = Release|Any CPU
		{50450B73-AFF3-48FB-9167-136C2747E12B}.Release|Any CPU.Build.0 = Release|Any CPU
		{43134866-12E8-4CA0-9293-FAD3A830F073}.Debug|Any CPU.ActiveCfg = Debug|Any CPU
		{43134866-12E8-4CA0-9293-FAD3A830F073}.Debug|Any CPU.Build.0 = Debug|Any CPU
		{43134866-12E8-4CA0-9293-FAD3A830F073}.Release|Any CPU.ActiveCfg = Release|Any CPU
		{43134866-12E8-4CA0-9293-FAD3A830F073}.Release|Any CPU.Build.0 = Release|Any CPU
	EndGlobalSection
	GlobalSection(SolutionProperties) = preSolution
		HideSolutionNode = FALSE
	EndGlobalSection
	GlobalSection(NestedProjects) = preSolution
		{5617BE72-D22C-48C1-AE8E-15158AEF6A1B} = {353CD44F-EEFB-4C2E-A5EA-826F466EF049}
		{5CCE13D1-9348-4D9B-85ED-36C07002E28B} = {353CD44F-EEFB-4C2E-A5EA-826F466EF049}
		{76FC1D03-F364-457B-B7EB-A6216841F6B6} = {5617BE72-D22C-48C1-AE8E-15158AEF6A1B}
		{F57EEC80-D2EE-4770-A723-CB9E08D76375} = {D6A698BF-06A6-4F9F-9617-236F1D12E214}
		{AE927D94-01E3-4225-BD29-5F34B477D293} = {D6A698BF-06A6-4F9F-9617-236F1D12E214}
		{424C8BC0-3DE8-4674-85DE-A83C7E71D760} = {D6A698BF-06A6-4F9F-9617-236F1D12E214}
		{4D218A66-FDEB-409F-B227-A6FE95ED1A04} = {5CCE13D1-9348-4D9B-85ED-36C07002E28B}
		{591223AC-59CD-4F92-A217-97FBDA6DBB9B} = {353CD44F-EEFB-4C2E-A5EA-826F466EF049}
		{D667AA13-C058-4B3E-B5A7-59920F10214B} = {591223AC-59CD-4F92-A217-97FBDA6DBB9B}
		{840FD773-3389-48D4-8B63-8D6C55F80436} = {591223AC-59CD-4F92-A217-97FBDA6DBB9B}
		{0A4B27CA-F6B6-4326-BC35-BA850E5F7420} = {D6A698BF-06A6-4F9F-9617-236F1D12E214}
		{34873F94-7B0D-4CD0-BA95-8A9AF319FF32} = {D6A698BF-06A6-4F9F-9617-236F1D12E214}
		{6852FAF1-01B8-4009-B4F1-8A884AF1EB25} = {D6A698BF-06A6-4F9F-9617-236F1D12E214}
		{9E915ABA-6656-4A6D-B9D0-047C40592481} = {D6A698BF-06A6-4F9F-9617-236F1D12E214}
		{8FFD8351-03E1-4917-98D6-10B03331A430} = {D6A698BF-06A6-4F9F-9617-236F1D12E214}
		{CFDEC9CB-60FF-4C7C-BA7B-DDD2B70B1381} = {D6A698BF-06A6-4F9F-9617-236F1D12E214}
		{8FFF27A0-FA15-4972-AAB0-28A71BB80C76} = {D6A698BF-06A6-4F9F-9617-236F1D12E214}
		{50450B73-AFF3-48FB-9167-136C2747E12B} = {D6A698BF-06A6-4F9F-9617-236F1D12E214}
		{43134866-12E8-4CA0-9293-FAD3A830F073} = {D6A698BF-06A6-4F9F-9617-236F1D12E214}
	EndGlobalSection
	GlobalSection(ExtensibilityGlobals) = postSolution
		SolutionGuid = {29E6135D-FB8F-45DE-A314-0F4DBF479643}
	EndGlobalSection
EndGlobal
