
Microsoft Visual Studio Solution File, Format Version 12.00
# Visual Studio Version 17
VisualStudioVersion = 17.9.34607.119
MinimumVisualStudioVersion = 10.0.40219.1
Project("{9A19103F-16F7-4668-BE54-9A1E7A4F7556}") = "AYE-ClientSideWpf", "AYE-ClientSideWpf\AYE-ClientSideWpf.csproj", "{211ED350-32F7-43D6-8951-22FE99FD0EE1}"
EndProject
Project("{9A19103F-16F7-4668-BE54-9A1E7A4F7556}") = "AYE-Commom", "AYE-Commom\AYE-Commom.csproj", "{2BA551CA-8643-43B2-B1A3-F0F81B36FEA0}"
EndProject
Project("{9A19103F-16F7-4668-BE54-9A1E7A4F7556}") = "AYE-Interface", "AYE-Interface\AYE-Interface.csproj", "{2F45ACD9-71F9-422F-AC79-3B5D51D04D8F}"
EndProject
Project("{9A19103F-16F7-4668-BE54-9A1E7A4F7556}") = "AYE-Entity", "AYE-Entity\AYE-Entity.csproj", "{90BAFA10-A998-437D-B30F-439037C51DAE}"
EndProject
Project("{9A19103F-16F7-4668-BE54-9A1E7A4F7556}") = "AYE-Service", "AYE-Server\AYE-Service.csproj", "{6947C76B-4755-4345-91EE-52F1D6AEB4F6}"
EndProject
Project("{9A19103F-16F7-4668-BE54-9A1E7A4F7556}") = "AYE-Job", "AYE-Job\AYE-Job.csproj", "{B3C53CB4-5C81-4201-8CF4-51C2BA1A4F3A}"
EndProject
Project("{9A19103F-16F7-4668-BE54-9A1E7A4F7556}") = "AYE-BaseShare", "AYE-BaseShare\AYE-BaseShare.csproj", "{D5E5C28A-3F70-466C-9ED6-644D9C37088B}"
EndProject
Project("{2150E333-8FDC-42A3-9474-1A3956D46DE8}") = "DemoModuleA", "DemoModuleA", "{5617BE72-D22C-48C1-AE8E-15158AEF6A1B}"
EndProject
Project("{9A19103F-16F7-4668-BE54-9A1E7A4F7556}") = "AYE-ModuleRegistration", "AYE-ModuleRegistration\AYE-ModuleRegistration.csproj", "{1C447106-BF46-4F13-81B1-25CC467B9A8A}"
EndProject
Project("{2150E333-8FDC-42A3-9474-1A3956D46DE8}") = "DemoModuleB", "DemoModuleB", "{5CCE13D1-9348-4D9B-85ED-36C07002E28B}"
EndProject
Project("{9A19103F-16F7-4668-BE54-9A1E7A4F7556}") = "DemoModuleA", "DemoModuleA\DemoModuleA\DemoModuleA.csproj", "{76FC1D03-F364-457B-B7EB-A6216841F6B6}"
EndProject
Project("{2150E333-8FDC-42A3-9474-1A3956D46DE8}") = "AYE.BaseFramework", "AYE.BaseFramework", "{D6A698BF-06A6-4F9F-9617-236F1D12E214}"
EndProject
Project("{9A19103F-16F7-4668-BE54-9A1E7A4F7556}") = "AYE.BaseFramework.SqlSusgarCore", "AYE-BaseFramework\AYE-SqlSusgar\AYE.BaseFramework.SqlSusgarCore.csproj", "{F57EEC80-D2EE-4770-A723-CB9E08D76375}"
EndProject
Project("{9A19103F-16F7-4668-BE54-9A1E7A4F7556}") = "AYE.BaseFramework.QuartzCore", "AYE-BaseFramework\AYE.BaseFramework.QuartzCore\AYE.BaseFramework.QuartzCore.csproj", "{AE927D94-01E3-4225-BD29-5F34B477D293}"
EndProject
Project("{FAE04EC0-301F-11D3-BF4B-00C04F79EFBC}") = "AYE-BaseFramework.ConfigurationCore", "AYE-BaseFramework\AYE-BaseFramework.ConfigurationCore\AYE-BaseFramework.ConfigurationCore.csproj", "{5F69FA26-A7EB-4EA7-B74A-880633E4B27F}"
EndProject
Global
	GlobalSection(SolutionConfigurationPlatforms) = preSolution
		Debug|Any CPU = Debug|Any CPU
		Release|Any CPU = Release|Any CPU
	EndGlobalSection
	GlobalSection(ProjectConfigurationPlatforms) = postSolution
		{211ED350-32F7-43D6-8951-22FE99FD0EE1}.Debug|Any CPU.ActiveCfg = Debug|Any CPU
		{211ED350-32F7-43D6-8951-22FE99FD0EE1}.Debug|Any CPU.Build.0 = Debug|Any CPU
		{211ED350-32F7-43D6-8951-22FE99FD0EE1}.Release|Any CPU.ActiveCfg = Release|Any CPU
		{211ED350-32F7-43D6-8951-22FE99FD0EE1}.Release|Any CPU.Build.0 = Release|Any CPU
		{2BA551CA-8643-43B2-B1A3-F0F81B36FEA0}.Debug|Any CPU.ActiveCfg = Debug|Any CPU
		{2BA551CA-8643-43B2-B1A3-F0F81B36FEA0}.Debug|Any CPU.Build.0 = Debug|Any CPU
		{2BA551CA-8643-43B2-B1A3-F0F81B36FEA0}.Release|Any CPU.ActiveCfg = Release|Any CPU
		{2BA551CA-8643-43B2-B1A3-F0F81B36FEA0}.Release|Any CPU.Build.0 = Release|Any CPU
		{2F45ACD9-71F9-422F-AC79-3B5D51D04D8F}.Debug|Any CPU.ActiveCfg = Debug|Any CPU
		{2F45ACD9-71F9-422F-AC79-3B5D51D04D8F}.Debug|Any CPU.Build.0 = Debug|Any CPU
		{2F45ACD9-71F9-422F-AC79-3B5D51D04D8F}.Release|Any CPU.ActiveCfg = Release|Any CPU
		{2F45ACD9-71F9-422F-AC79-3B5D51D04D8F}.Release|Any CPU.Build.0 = Release|Any CPU
		{90BAFA10-A998-437D-B30F-439037C51DAE}.Debug|Any CPU.ActiveCfg = Debug|Any CPU
		{90BAFA10-A998-437D-B30F-439037C51DAE}.Debug|Any CPU.Build.0 = Debug|Any CPU
		{90BAFA10-A998-437D-B30F-439037C51DAE}.Release|Any CPU.ActiveCfg = Release|Any CPU
		{90BAFA10-A998-437D-B30F-439037C51DAE}.Release|Any CPU.Build.0 = Release|Any CPU
		{6947C76B-4755-4345-91EE-52F1D6AEB4F6}.Debug|Any CPU.ActiveCfg = Debug|Any CPU
		{6947C76B-4755-4345-91EE-52F1D6AEB4F6}.Debug|Any CPU.Build.0 = Debug|Any CPU
		{6947C76B-4755-4345-91EE-52F1D6AEB4F6}.Release|Any CPU.ActiveCfg = Release|Any CPU
		{6947C76B-4755-4345-91EE-52F1D6AEB4F6}.Release|Any CPU.Build.0 = Release|Any CPU
		{B3C53CB4-5C81-4201-8CF4-51C2BA1A4F3A}.Debug|Any CPU.ActiveCfg = Debug|Any CPU
		{B3C53CB4-5C81-4201-8CF4-51C2BA1A4F3A}.Debug|Any CPU.Build.0 = Debug|Any CPU
		{B3C53CB4-5C81-4201-8CF4-51C2BA1A4F3A}.Release|Any CPU.ActiveCfg = Release|Any CPU
		{B3C53CB4-5C81-4201-8CF4-51C2BA1A4F3A}.Release|Any CPU.Build.0 = Release|Any CPU
		{D5E5C28A-3F70-466C-9ED6-644D9C37088B}.Debug|Any CPU.ActiveCfg = Debug|Any CPU
		{D5E5C28A-3F70-466C-9ED6-644D9C37088B}.Debug|Any CPU.Build.0 = Debug|Any CPU
		{D5E5C28A-3F70-466C-9ED6-644D9C37088B}.Release|Any CPU.ActiveCfg = Release|Any CPU
		{D5E5C28A-3F70-466C-9ED6-644D9C37088B}.Release|Any CPU.Build.0 = Release|Any CPU
		{1C447106-BF46-4F13-81B1-25CC467B9A8A}.Debug|Any CPU.ActiveCfg = Debug|Any CPU
		{1C447106-BF46-4F13-81B1-25CC467B9A8A}.Debug|Any CPU.Build.0 = Debug|Any CPU
		{1C447106-BF46-4F13-81B1-25CC467B9A8A}.Release|Any CPU.ActiveCfg = Release|Any CPU
		{1C447106-BF46-4F13-81B1-25CC467B9A8A}.Release|Any CPU.Build.0 = Release|Any CPU
		{76FC1D03-F364-457B-B7EB-A6216841F6B6}.Debug|Any CPU.ActiveCfg = Debug|Any CPU
		{76FC1D03-F364-457B-B7EB-A6216841F6B6}.Debug|Any CPU.Build.0 = Debug|Any CPU
		{76FC1D03-F364-457B-B7EB-A6216841F6B6}.Release|Any CPU.ActiveCfg = Release|Any CPU
		{76FC1D03-F364-457B-B7EB-A6216841F6B6}.Release|Any CPU.Build.0 = Release|Any CPU
		{F57EEC80-D2EE-4770-A723-CB9E08D76375}.Debug|Any CPU.ActiveCfg = Debug|Any CPU
		{F57EEC80-D2EE-4770-A723-CB9E08D76375}.Debug|Any CPU.Build.0 = Debug|Any CPU
		{F57EEC80-D2EE-4770-A723-CB9E08D76375}.Release|Any CPU.ActiveCfg = Release|Any CPU
		{F57EEC80-D2EE-4770-A723-CB9E08D76375}.Release|Any CPU.Build.0 = Release|Any CPU
		{AE927D94-01E3-4225-BD29-5F34B477D293}.Debug|Any CPU.ActiveCfg = Debug|Any CPU
		{AE927D94-01E3-4225-BD29-5F34B477D293}.Debug|Any CPU.Build.0 = Debug|Any CPU
		{AE927D94-01E3-4225-BD29-5F34B477D293}.Release|Any CPU.ActiveCfg = Release|Any CPU
		{AE927D94-01E3-4225-BD29-5F34B477D293}.Release|Any CPU.Build.0 = Release|Any CPU
		{5F69FA26-A7EB-4EA7-B74A-880633E4B27F}.Debug|Any CPU.ActiveCfg = Debug|Any CPU
		{5F69FA26-A7EB-4EA7-B74A-880633E4B27F}.Debug|Any CPU.Build.0 = Debug|Any CPU
		{5F69FA26-A7EB-4EA7-B74A-880633E4B27F}.Release|Any CPU.ActiveCfg = Release|Any CPU
		{5F69FA26-A7EB-4EA7-B74A-880633E4B27F}.Release|Any CPU.Build.0 = Release|Any CPU
	EndGlobalSection
	GlobalSection(SolutionProperties) = preSolution
		HideSolutionNode = FALSE
	EndGlobalSection
	GlobalSection(NestedProjects) = preSolution
		{D5E5C28A-3F70-466C-9ED6-644D9C37088B} = {D6A698BF-06A6-4F9F-9617-236F1D12E214}
		{76FC1D03-F364-457B-B7EB-A6216841F6B6} = {5617BE72-D22C-48C1-AE8E-15158AEF6A1B}
		{F57EEC80-D2EE-4770-A723-CB9E08D76375} = {D6A698BF-06A6-4F9F-9617-236F1D12E214}
		{AE927D94-01E3-4225-BD29-5F34B477D293} = {D6A698BF-06A6-4F9F-9617-236F1D12E214}
		{5F69FA26-A7EB-4EA7-B74A-880633E4B27F} = {D6A698BF-06A6-4F9F-9617-236F1D12E214}
	EndGlobalSection
	GlobalSection(ExtensibilityGlobals) = postSolution
		SolutionGuid = {29E6135D-FB8F-45DE-A314-0F4DBF479643}
	EndGlobalSection
EndGlobal
