
Microsoft Visual Studio Solution File, Format Version 12.00
# Visual Studio Version 17
VisualStudioVersion = 17.9.34607.119
MinimumVisualStudioVersion = 10.0.40219.1
Project("{9A19103F-16F7-4668-BE54-9A1E7A4F7556}") = "AYE-ClientSideWpf", "AYE-ClientSideWpf\AYE-ClientSideWpf.csproj", "{211ED350-32F7-43D6-8951-22FE99FD0EE1}"
EndProject
Project("{9A19103F-16F7-4668-BE54-9A1E7A4F7556}") = "AYE-Commom", "AYE-Commom\AYE-Commom.csproj", "{2BA551CA-8643-43B2-B1A3-F0F81B36FEA0}"
EndProject
Project("{9A19103F-16F7-4668-BE54-9A1E7A4F7556}") = "AYE-Interface", "AYE-Interface\AYE-Interface.csproj", "{2F45ACD9-71F9-422F-AC79-3B5D51D04D8F}"
EndProject
Project("{9A19103F-16F7-4668-BE54-9A1E7A4F7556}") = "AYE-Entity", "AYE-Entity\AYE-Entity.csproj", "{90BAFA10-A998-437D-B30F-439037C51DAE}"
EndProject
Project("{9A19103F-16F7-4668-BE54-9A1E7A4F7556}") = "AYE-Server", "AYE-Server\AYE-Server.csproj", "{6947C76B-4755-4345-91EE-52F1D6AEB4F6}"
EndProject
Project("{9A19103F-16F7-4668-BE54-9A1E7A4F7556}") = "AYE-Job", "AYE-Job\AYE-Job.csproj", "{B3C53CB4-5C81-4201-8CF4-51C2BA1A4F3A}"
EndProject
Project("{9A19103F-16F7-4668-BE54-9A1E7A4F7556}") = "AYE-BaseShare", "AYE-BaseShare\AYE-BaseShare.csproj", "{D5E5C28A-3F70-466C-9ED6-644D9C37088B}"
EndProject
Project("{2150E333-8FDC-42A3-9474-1A3956D46DE8}") = "DemoModuleA", "DemoModuleA", "{5617BE72-D22C-48C1-AE8E-15158AEF6A1B}"
EndProject
Project("{FAE04EC0-301F-11D3-BF4B-00C04F79EFBC}") = "AYE-ModuleRegistration", "AYE-ModuleRegistration\AYE-ModuleRegistration.csproj", "{1C447106-BF46-4F13-81B1-25CC467B9A8A}"
EndProject
Global
	GlobalSection(SolutionConfigurationPlatforms) = preSolution
		Debug|Any CPU = Debug|Any CPU
		Release|Any CPU = Release|Any CPU
	EndGlobalSection
	GlobalSection(ProjectConfigurationPlatforms) = postSolution
		{211ED350-32F7-43D6-8951-22FE99FD0EE1}.Debug|Any CPU.ActiveCfg = Debug|Any CPU
		{211ED350-32F7-43D6-8951-22FE99FD0EE1}.Debug|Any CPU.Build.0 = Debug|Any CPU
		{211ED350-32F7-43D6-8951-22FE99FD0EE1}.Release|Any CPU.ActiveCfg = Release|Any CPU
		{211ED350-32F7-43D6-8951-22FE99FD0EE1}.Release|Any CPU.Build.0 = Release|Any CPU
		{2BA551CA-8643-43B2-B1A3-F0F81B36FEA0}.Debug|Any CPU.ActiveCfg = Debug|Any CPU
		{2BA551CA-8643-43B2-B1A3-F0F81B36FEA0}.Debug|Any CPU.Build.0 = Debug|Any CPU
		{2BA551CA-8643-43B2-B1A3-F0F81B36FEA0}.Release|Any CPU.ActiveCfg = Release|Any CPU
		{2BA551CA-8643-43B2-B1A3-F0F81B36FEA0}.Release|Any CPU.Build.0 = Release|Any CPU
		{2F45ACD9-71F9-422F-AC79-3B5D51D04D8F}.Debug|Any CPU.ActiveCfg = Debug|Any CPU
		{2F45ACD9-71F9-422F-AC79-3B5D51D04D8F}.Debug|Any CPU.Build.0 = Debug|Any CPU
		{2F45ACD9-71F9-422F-AC79-3B5D51D04D8F}.Release|Any CPU.ActiveCfg = Release|Any CPU
		{2F45ACD9-71F9-422F-AC79-3B5D51D04D8F}.Release|Any CPU.Build.0 = Release|Any CPU
		{90BAFA10-A998-437D-B30F-439037C51DAE}.Debug|Any CPU.ActiveCfg = Debug|Any CPU
		{90BAFA10-A998-437D-B30F-439037C51DAE}.Debug|Any CPU.Build.0 = Debug|Any CPU
		{90BAFA10-A998-437D-B30F-439037C51DAE}.Release|Any CPU.ActiveCfg = Release|Any CPU
		{90BAFA10-A998-437D-B30F-439037C51DAE}.Release|Any CPU.Build.0 = Release|Any CPU
		{6947C76B-4755-4345-91EE-52F1D6AEB4F6}.Debug|Any CPU.ActiveCfg = Debug|Any CPU
		{6947C76B-4755-4345-91EE-52F1D6AEB4F6}.Debug|Any CPU.Build.0 = Debug|Any CPU
		{6947C76B-4755-4345-91EE-52F1D6AEB4F6}.Release|Any CPU.ActiveCfg = Release|Any CPU
		{6947C76B-4755-4345-91EE-52F1D6AEB4F6}.Release|Any CPU.Build.0 = Release|Any CPU
		{B3C53CB4-5C81-4201-8CF4-51C2BA1A4F3A}.Debug|Any CPU.ActiveCfg = Debug|Any CPU
		{B3C53CB4-5C81-4201-8CF4-51C2BA1A4F3A}.Debug|Any CPU.Build.0 = Debug|Any CPU
		{B3C53CB4-5C81-4201-8CF4-51C2BA1A4F3A}.Release|Any CPU.ActiveCfg = Release|Any CPU
		{B3C53CB4-5C81-4201-8CF4-51C2BA1A4F3A}.Release|Any CPU.Build.0 = Release|Any CPU
		{D5E5C28A-3F70-466C-9ED6-644D9C37088B}.Debug|Any CPU.ActiveCfg = Debug|Any CPU
		{D5E5C28A-3F70-466C-9ED6-644D9C37088B}.Debug|Any CPU.Build.0 = Debug|Any CPU
		{D5E5C28A-3F70-466C-9ED6-644D9C37088B}.Release|Any CPU.ActiveCfg = Release|Any CPU
		{D5E5C28A-3F70-466C-9ED6-644D9C37088B}.Release|Any CPU.Build.0 = Release|Any CPU
		{1C447106-BF46-4F13-81B1-25CC467B9A8A}.Debug|Any CPU.ActiveCfg = Debug|Any CPU
		{1C447106-BF46-4F13-81B1-25CC467B9A8A}.Debug|Any CPU.Build.0 = Debug|Any CPU
		{1C447106-BF46-4F13-81B1-25CC467B9A8A}.Release|Any CPU.ActiveCfg = Release|Any CPU
		{1C447106-BF46-4F13-81B1-25CC467B9A8A}.Release|Any CPU.Build.0 = Release|Any CPU
	EndGlobalSection
	GlobalSection(SolutionProperties) = preSolution
		HideSolutionNode = FALSE
	EndGlobalSection
	GlobalSection(ExtensibilityGlobals) = postSolution
		SolutionGuid = {29E6135D-FB8F-45DE-A314-0F4DBF479643}
	EndGlobalSection
EndGlobal
